// !$*UTF8*$!
{
	archiveVersion = 1;
	classes = {
	};
	objectVersion = 46;
	objects = {

/* Begin PBXBuildFile section */
		223B9F2E19A08A9F007E46E1 /* RootViewController.swift in Sources */ = {isa = PBXBuildFile; fileRef = 223B9F2D19A08A9F007E46E1 /* RootViewController.swift */; };
		223BE9E919A08E6000EE15E5 /* twinkle.mp3 in Resources */ = {isa = PBXBuildFile; fileRef = 223BE9E719A08E6000EE15E5 /* twinkle.mp3 */; };
		223BE9EA19A08E6000EE15E5 /* twinkle.txt in Resources */ = {isa = PBXBuildFile; fileRef = 223BE9E819A08E6000EE15E5 /* twinkle.txt */; };
		2284937C19A12544001E3C99 /* Twinkle.svg in Resources */ = {isa = PBXBuildFile; fileRef = 2284937B19A12544001E3C99 /* Twinkle.svg */; };
		22DF71E919A089D80015ADAA /* AppDelegate.swift in Sources */ = {isa = PBXBuildFile; fileRef = 22DF71E819A089D80015ADAA /* AppDelegate.swift */; };
		22DF71EB19A089D80015ADAA /* Images.xcassets in Resources */ = {isa = PBXBuildFile; fileRef = 22DF71EA19A089D80015ADAA /* Images.xcassets */; };
		BCE48D23445D4734BD3E3F8E /* libPods.a in Frameworks */ = {isa = PBXBuildFile; fileRef = D260C2650E5D41658A37C4B7 /* libPods.a */; };
/* End PBXBuildFile section */

/* Begin PBXFileReference section */
		223B9F2D19A08A9F007E46E1 /* RootViewController.swift */ = {isa = PBXFileReference; fileEncoding = 4; lastKnownFileType = sourcecode.swift; path = RootViewController.swift; sourceTree = "<group>"; };
		223BE9E719A08E6000EE15E5 /* twinkle.mp3 */ = {isa = PBXFileReference; lastKnownFileType = audio.mp3; path = twinkle.mp3; sourceTree = "<group>"; };
		223BE9E819A08E6000EE15E5 /* twinkle.txt */ = {isa = PBXFileReference; fileEncoding = 4; lastKnownFileType = text; path = twinkle.txt; sourceTree = "<group>"; };
		2284937B19A12544001E3C99 /* Twinkle.svg */ = {isa = PBXFileReference; fileEncoding = 4; lastKnownFileType = text.xml; path = Twinkle.svg; sourceTree = "<group>"; };
		22BDB6F019A1235100F8485E /* SVGExperiment-Bridging-Header.h */ = {isa = PBXFileReference; lastKnownFileType = sourcecode.c.h; path = "SVGExperiment-Bridging-Header.h"; sourceTree = "<group>"; };
		22DF71D319A089D80015ADAA /* SVGExperiment.app */ = {isa = PBXFileReference; explicitFileType = wrapper.application; includeInIndex = 0; path = SVGExperiment.app; sourceTree = BUILT_PRODUCTS_DIR; };
		22DF71E719A089D80015ADAA /* Info.plist */ = {isa = PBXFileReference; lastKnownFileType = text.plist.xml; path = Info.plist; sourceTree = "<group>"; };
		22DF71E819A089D80015ADAA /* AppDelegate.swift */ = {isa = PBXFileReference; lastKnownFileType = sourcecode.swift; path = AppDelegate.swift; sourceTree = "<group>"; };
		22DF71EA19A089D80015ADAA /* Images.xcassets */ = {isa = PBXFileReference; lastKnownFileType = folder.assetcatalog; path = Images.xcassets; sourceTree = "<group>"; };
		8B72709B410C42BE9E0ADDBD /* Pods.xcconfig */ = {isa = PBXFileReference; includeInIndex = 1; lastKnownFileType = text.xcconfig; name = Pods.xcconfig; path = Pods/Pods.xcconfig; sourceTree = "<group>"; };
		D260C2650E5D41658A37C4B7 /* libPods.a */ = {isa = PBXFileReference; explicitFileType = archive.ar; includeInIndex = 0; path = libPods.a; sourceTree = BUILT_PRODUCTS_DIR; };
/* End PBXFileReference section */

/* Begin PBXFrameworksBuildPhase section */
		22DF71D019A089D80015ADAA /* Frameworks */ = {
			isa = PBXFrameworksBuildPhase;
			buildActionMask = 2147483647;
			files = (
				BCE48D23445D4734BD3E3F8E /* libPods.a in Frameworks */,
			);
			runOnlyForDeploymentPostprocessing = 0;
		};
/* End PBXFrameworksBuildPhase section */

/* Begin PBXGroup section */
		223BE9E619A08E6000EE15E5 /* Assets */ = {
			isa = PBXGroup;
			children = (
				223BE9E719A08E6000EE15E5 /* twinkle.mp3 */,
				2284937B19A12544001E3C99 /* Twinkle.svg */,
				223BE9E819A08E6000EE15E5 /* twinkle.txt */,
			);
			name = Assets;
			path = ../Assets;
			sourceTree = "<group>";
		};
		22DF71CA19A089D80015ADAA = {
			isa = PBXGroup;
			children = (
				8B72709B410C42BE9E0ADDBD /* Pods.xcconfig */,
				B896B9045A3E4AC3B6E0E64A /* Frameworks */,
				22DF71D419A089D80015ADAA /* Products */,
				22DF71DC19A089D80015ADAA /* SVGExperiment */,
			);
			sourceTree = "<group>";
		};
		22DF71D419A089D80015ADAA /* Products */ = {
			isa = PBXGroup;
			children = (
				22DF71D319A089D80015ADAA /* SVGExperiment.app */,
			);
			name = Products;
			sourceTree = "<group>";
		};
		22DF71DC19A089D80015ADAA /* SVGExperiment */ = {
			isa = PBXGroup;
			children = (
				22BDB6F019A1235100F8485E /* SVGExperiment-Bridging-Header.h */,
				22DF71E819A089D80015ADAA /* AppDelegate.swift */,
				223B9F2D19A08A9F007E46E1 /* RootViewController.swift */,
				22DF71EA19A089D80015ADAA /* Images.xcassets */,
				223BE9E619A08E6000EE15E5 /* Assets */,
				22DF71DD19A089D80015ADAA /* Supporting Files */,
			);
			path = SVGExperiment;
			sourceTree = "<group>";
		};
		22DF71DD19A089D80015ADAA /* Supporting Files */ = {
			isa = PBXGroup;
			children = (
				22DF71E719A089D80015ADAA /* Info.plist */,
			);
			name = "Supporting Files";
			sourceTree = "<group>";
		};
		B896B9045A3E4AC3B6E0E64A /* Frameworks */ = {
			isa = PBXGroup;
			children = (
				D260C2650E5D41658A37C4B7 /* libPods.a */,
			);
			name = Frameworks;
			sourceTree = "<group>";
		};
/* End PBXGroup section */

/* Begin PBXNativeTarget section */
		22DF71D219A089D80015ADAA /* SVGExperiment */ = {
			isa = PBXNativeTarget;
			buildConfigurationList = 22DF720619A089D80015ADAA /* Build configuration list for PBXNativeTarget "SVGExperiment" */;
			buildPhases = (
				E5782AC81DDB4D61B35A04BF /* Check Pods Manifest.lock */,
				22DF71CF19A089D80015ADAA /* Sources */,
				22DF71D019A089D80015ADAA /* Frameworks */,
				22DF71D119A089D80015ADAA /* Resources */,
				65255E9EC5EC4B5991CBD28F /* Copy Pods Resources */,
			);
			buildRules = (
			);
			dependencies = (
			);
			name = SVGExperiment;
			productName = SVGExperiment;
			productReference = 22DF71D319A089D80015ADAA /* SVGExperiment.app */;
			productType = "com.apple.product-type.application";
		};
/* End PBXNativeTarget section */

/* Begin PBXProject section */
		22DF71CB19A089D80015ADAA /* Project object */ = {
			isa = PBXProject;
			attributes = {
				LastUpgradeCheck = 0600;
				ORGANIZATIONNAME = HolidayHack;
				TargetAttributes = {
					22DF71D219A089D80015ADAA = {
						CreatedOnToolsVersion = 6.0;
					};
				};
			};
			buildConfigurationList = 22DF71CE19A089D80015ADAA /* Build configuration list for PBXProject "SVGExperiment" */;
			compatibilityVersion = "Xcode 3.2";
			developmentRegion = English;
			hasScannedForEncodings = 0;
			knownRegions = (
				en,
			);
			mainGroup = 22DF71CA19A089D80015ADAA;
			productRefGroup = 22DF71D419A089D80015ADAA /* Products */;
			projectDirPath = "";
			projectRoot = "";
			targets = (
				22DF71D219A089D80015ADAA /* SVGExperiment */,
			);
		};
/* End PBXProject section */

/* Begin PBXResourcesBuildPhase section */
		22DF71D119A089D80015ADAA /* Resources */ = {
			isa = PBXResourcesBuildPhase;
			buildActionMask = 2147483647;
			files = (
				22DF71EB19A089D80015ADAA /* Images.xcassets in Resources */,
				223BE9EA19A08E6000EE15E5 /* twinkle.txt in Resources */,
				223BE9E919A08E6000EE15E5 /* twinkle.mp3 in Resources */,
				2284937C19A12544001E3C99 /* Twinkle.svg in Resources */,
			);
			runOnlyForDeploymentPostprocessing = 0;
		};
/* End PBXResourcesBuildPhase section */

/* Begin PBXShellScriptBuildPhase section */
		65255E9EC5EC4B5991CBD28F /* Copy Pods Resources */ = {
			isa = PBXShellScriptBuildPhase;
			buildActionMask = 2147483647;
			files = (
			);
			inputPaths = (
			);
			name = "Copy Pods Resources";
			outputPaths = (
			);
			runOnlyForDeploymentPostprocessing = 0;
			shellPath = /bin/sh;
			shellScript = "\"${SRCROOT}/Pods/Pods-resources.sh\"\n";
			showEnvVarsInLog = 0;
		};
		E5782AC81DDB4D61B35A04BF /* Check Pods Manifest.lock */ = {
			isa = PBXShellScriptBuildPhase;
			buildActionMask = 2147483647;
			files = (
			);
			inputPaths = (
			);
			name = "Check Pods Manifest.lock";
			outputPaths = (
			);
			runOnlyForDeploymentPostprocessing = 0;
			shellPath = /bin/sh;
			shellScript = "diff \"${PODS_ROOT}/../Podfile.lock\" \"${PODS_ROOT}/Manifest.lock\" > /dev/null\nif [[ $? != 0 ]] ; then\n    cat << EOM\nerror: The sandbox is not in sync with the Podfile.lock. Run 'pod install' or update your CocoaPods installation.\nEOM\n    exit 1\nfi\n";
			showEnvVarsInLog = 0;
		};
/* End PBXShellScriptBuildPhase section */

/* Begin PBXSourcesBuildPhase section */
		22DF71CF19A089D80015ADAA /* Sources */ = {
			isa = PBXSourcesBuildPhase;
			buildActionMask = 2147483647;
			files = (
				223B9F2E19A08A9F007E46E1 /* RootViewController.swift in Sources */,
				22DF71E919A089D80015ADAA /* AppDelegate.swift in Sources */,
			);
			runOnlyForDeploymentPostprocessing = 0;
		};
/* End PBXSourcesBuildPhase section */

/* Begin XCBuildConfiguration section */
		22DF720419A089D80015ADAA /* Debug */ = {
			isa = XCBuildConfiguration;
			buildSettings = {
				ALWAYS_SEARCH_USER_PATHS = NO;
				CLANG_CXX_LANGUAGE_STANDARD = "gnu++0x";
				CLANG_CXX_LIBRARY = "libc++";
				CLANG_ENABLE_MODULES = YES;
				CLANG_ENABLE_OBJC_ARC = YES;
				CLANG_WARN_BOOL_CONVERSION = YES;
				CLANG_WARN_CONSTANT_CONVERSION = YES;
				CLANG_WARN_DIRECT_OBJC_ISA_USAGE = YES_ERROR;
				CLANG_WARN_EMPTY_BODY = YES;
				CLANG_WARN_ENUM_CONVERSION = YES;
				CLANG_WARN_INT_CONVERSION = YES;
				CLANG_WARN_OBJC_ROOT_CLASS = YES_ERROR;
				CLANG_WARN_UNREACHABLE_CODE = YES;
				CLANG_WARN__DUPLICATE_METHOD_MATCH = YES;
				"CODE_SIGN_IDENTITY[sdk=iphoneos*]" = "iPhone Developer";
				COPY_PHASE_STRIP = NO;
				ENABLE_STRICT_OBJC_MSGSEND = YES;
				GCC_C_LANGUAGE_STANDARD = gnu99;
				GCC_DYNAMIC_NO_PIC = NO;
				GCC_OPTIMIZATION_LEVEL = 0;
				GCC_PREPROCESSOR_DEFINITIONS = (
					"DEBUG=1",
					"$(inherited)",
				);
				GCC_SYMBOLS_PRIVATE_EXTERN = NO;
				GCC_WARN_64_TO_32_BIT_CONVERSION = YES;
				GCC_WARN_ABOUT_RETURN_TYPE = YES_ERROR;
				GCC_WARN_UNDECLARED_SELECTOR = YES;
				GCC_WARN_UNINITIALIZED_AUTOS = YES_AGGRESSIVE;
				GCC_WARN_UNUSED_FUNCTION = YES;
				GCC_WARN_UNUSED_VARIABLE = YES;
				IPHONEOS_DEPLOYMENT_TARGET = 8.0;
				MTL_ENABLE_DEBUG_INFO = YES;
				ONLY_ACTIVE_ARCH = YES;
				SDKROOT = iphoneos;
				SWIFT_OPTIMIZATION_LEVEL = "-Onone";
				TARGETED_DEVICE_FAMILY = 2;
			};
			name = Debug;
		};
		22DF720519A089D80015ADAA /* Release */ = {
			isa = XCBuildConfiguration;
			buildSettings = {
				ALWAYS_SEARCH_USER_PATHS = NO;
				CLANG_CXX_LANGUAGE_STANDARD = "gnu++0x";
				CLANG_CXX_LIBRARY = "libc++";
				CLANG_ENABLE_MODULES = YES;
				CLANG_ENABLE_OBJC_ARC = YES;
				CLANG_WARN_BOOL_CONVERSION = YES;
				CLANG_WARN_CONSTANT_CONVERSION = YES;
				CLANG_WARN_DIRECT_OBJC_ISA_USAGE = YES_ERROR;
				CLANG_WARN_EMPTY_BODY = YES;
				CLANG_WARN_ENUM_CONVERSION = YES;
				CLANG_WARN_INT_CONVERSION = YES;
				CLANG_WARN_OBJC_ROOT_CLASS = YES_ERROR;
				CLANG_WARN_UNREACHABLE_CODE = YES;
				CLANG_WARN__DUPLICATE_METHOD_MATCH = YES;
				"CODE_SIGN_IDENTITY[sdk=iphoneos*]" = "iPhone Developer";
				COPY_PHASE_STRIP = YES;
				ENABLE_NS_ASSERTIONS = NO;
				ENABLE_STRICT_OBJC_MSGSEND = YES;
				GCC_C_LANGUAGE_STANDARD = gnu99;
				GCC_WARN_64_TO_32_BIT_CONVERSION = YES;
				GCC_WARN_ABOUT_RETURN_TYPE = YES_ERROR;
				GCC_WARN_UNDECLARED_SELECTOR = YES;
				GCC_WARN_UNINITIALIZED_AUTOS = YES_AGGRESSIVE;
				GCC_WARN_UNUSED_FUNCTION = YES;
				GCC_WARN_UNUSED_VARIABLE = YES;
				IPHONEOS_DEPLOYMENT_TARGET = 8.0;
				MTL_ENABLE_DEBUG_INFO = NO;
				SDKROOT = iphoneos;
				TARGETED_DEVICE_FAMILY = 2;
				VALIDATE_PRODUCT = YES;
			};
			name = Release;
		};
		22DF720719A089D80015ADAA /* Debug */ = {
			isa = XCBuildConfiguration;
			baseConfigurationReference = 8B72709B410C42BE9E0ADDBD /* Pods.xcconfig */;
			buildSettings = {
				ASSETCATALOG_COMPILER_APPICON_NAME = AppIcon;
				ASSETCATALOG_COMPILER_LAUNCHIMAGE_NAME = LaunchImage;
				CLANG_ENABLE_MODULES = YES;
				INFOPLIST_FILE = SVGExperiment/Info.plist;
				IPHONEOS_DEPLOYMENT_TARGET = 7.1;
				LD_RUNPATH_SEARCH_PATHS = "$(inherited) @executable_path/Frameworks";
				PRODUCT_NAME = "$(TARGET_NAME)";
				SWIFT_OBJC_BRIDGING_HEADER = "SVGExperiment/SVGExperiment-Bridging-Header.h";
				SWIFT_OPTIMIZATION_LEVEL = "-Onone";
			};
			name = Debug;
		};
		22DF720819A089D80015ADAA /* Release */ = {
			isa = XCBuildConfiguration;
			baseConfigurationReference = 8B72709B410C42BE9E0ADDBD /* Pods.xcconfig */;
			buildSettings = {
				ASSETCATALOG_COMPILER_APPICON_NAME = AppIcon;
				ASSETCATALOG_COMPILER_LAUNCHIMAGE_NAME = LaunchImage;
				CLANG_ENABLE_MODULES = YES;
				INFOPLIST_FILE = SVGExperiment/Info.plist;
				IPHONEOS_DEPLOYMENT_TARGET = 7.1;
				LD_RUNPATH_SEARCH_PATHS = "$(inherited) @executable_path/Frameworks";
				PRODUCT_NAME = "$(TARGET_NAME)";
				SWIFT_OBJC_BRIDGING_HEADER = "SVGExperiment/SVGExperiment-Bridging-Header.h";
			};
			name = Release;
		};
/* End XCBuildConfiguration section */

/* Begin XCConfigurationList section */
		22DF71CE19A089D80015ADAA /* Build configuration list for PBXProject "SVGExperiment" */ = {
			isa = XCConfigurationList;
			buildConfigurations = (
				22DF720419A089D80015ADAA /* Debug */,
				22DF720519A089D80015ADAA /* Release */,
			);
			defaultConfigurationIsVisible = 0;
			defaultConfigurationName = Release;
		};
		22DF720619A089D80015ADAA /* Build configuration list for PBXNativeTarget "SVGExperiment" */ = {
			isa = XCConfigurationList;
			buildConfigurations = (
				22DF720719A089D80015ADAA /* Debug */,
				22DF720819A089D80015ADAA /* Release */,
			);
			defaultConfigurationIsVisible = 0;
			defaultConfigurationName = Release;
		};
/* End XCConfigurationList section */
	};
	rootObject = 22DF71CB19A089D80015ADAA /* Project object */;
}
